
Microsoft Visual Studio Solution File, Format Version 12.00
# Visual Studio Version 16
VisualStudioVersion = 16.0.30406.217
MinimumVisualStudioVersion = 10.0.40219.1
Project("{9A19103F-16F7-4668-BE54-9A1E7A4F7556}") = "ECommerceApp.Api", "ECommerceApp\ECommerceApp.Api.csproj", "{34DE4369-6B1D-4F96-B3E1-E7C6C90035FE}"
EndProject
Project("{FAE04EC0-301F-11D3-BF4B-00C04F79EFBC}") = "ECommerceApp.Infrastructure", "ECommerceApp.Infrastructure\ECommerceApp.Infrastructure.csproj", "{C2FACF78-88FD-415C-B3A8-EA8DB243AA1F}"
EndProject
Project("{FAE04EC0-301F-11D3-BF4B-00C04F79EFBC}") = "ECommerceApp.Core", "ECommerceApp.Core\ECommerceApp.Core.csproj", "{96682589-CB1F-43B8-9840-80C68DB16416}"
EndProject
Global
	GlobalSection(SolutionConfigurationPlatforms) = preSolution
		Debug|Any CPU = Debug|Any CPU
		Release|Any CPU = Release|Any CPU
	EndGlobalSection
	GlobalSection(ProjectConfigurationPlatforms) = postSolution
		{34DE4369-6B1D-4F96-B3E1-E7C6C90035FE}.Debug|Any CPU.ActiveCfg = Debug|Any CPU
		{34DE4369-6B1D-4F96-B3E1-E7C6C90035FE}.Debug|Any CPU.Build.0 = Debug|Any CPU
		{34DE4369-6B1D-4F96-B3E1-E7C6C90035FE}.Release|Any CPU.ActiveCfg = Release|Any CPU
		{34DE4369-6B1D-4F96-B3E1-E7C6C90035FE}.Release|Any CPU.Build.0 = Release|Any CPU
		{C2FACF78-88FD-415C-B3A8-EA8DB243AA1F}.Debug|Any CPU.ActiveCfg = Debug|Any CPU
		{C2FACF78-88FD-415C-B3A8-EA8DB243AA1F}.Debug|Any CPU.Build.0 = Debug|Any CPU
		{C2FACF78-88FD-415C-B3A8-EA8DB243AA1F}.Release|Any CPU.ActiveCfg = Release|Any CPU
		{C2FACF78-88FD-415C-B3A8-EA8DB243AA1F}.Release|Any CPU.Build.0 = Release|Any CPU
		{96682589-CB1F-43B8-9840-80C68DB16416}.Debug|Any CPU.ActiveCfg = Debug|Any CPU
		{96682589-CB1F-43B8-9840-80C68DB16416}.Debug|Any CPU.Build.0 = Debug|Any CPU
		{96682589-CB1F-43B8-9840-80C68DB16416}.Release|Any CPU.ActiveCfg = Release|Any CPU
		{96682589-CB1F-43B8-9840-80C68DB16416}.Release|Any CPU.Build.0 = Release|Any CPU
	EndGlobalSection
	GlobalSection(SolutionProperties) = preSolution
		HideSolutionNode = FALSE
	EndGlobalSection
	GlobalSection(ExtensibilityGlobals) = postSolution
		SolutionGuid = {0AD03389-E915-4106-B81A-941FC730432A}
	EndGlobalSection
EndGlobal
