
Microsoft Visual Studio Solution File, Format Version 12.00
# Visual Studio Version 16
VisualStudioVersion = 16.0.30406.217
MinimumVisualStudioVersion = 10.0.40219.1
Project("{FAE04EC0-301F-11D3-BF4B-00C04F79EFBC}") = "ECommerceApp", "ECommerceApp\ECommerceApp.csproj", "{34DE4369-6B1D-4F96-B3E1-E7C6C90035FE}"
EndProject
Global
	GlobalSection(SolutionConfigurationPlatforms) = preSolution
		Debug|Any CPU = Debug|Any CPU
		Release|Any CPU = Release|Any CPU
	EndGlobalSection
	GlobalSection(ProjectConfigurationPlatforms) = postSolution
		{34DE4369-6B1D-4F96-B3E1-E7C6C90035FE}.Debug|Any CPU.ActiveCfg = Debug|Any CPU
		{34DE4369-6B1D-4F96-B3E1-E7C6C90035FE}.Debug|Any CPU.Build.0 = Debug|Any CPU
		{34DE4369-6B1D-4F96-B3E1-E7C6C90035FE}.Release|Any CPU.ActiveCfg = Release|Any CPU
		{34DE4369-6B1D-4F96-B3E1-E7C6C90035FE}.Release|Any CPU.Build.0 = Release|Any CPU
	EndGlobalSection
	GlobalSection(SolutionProperties) = preSolution
		HideSolutionNode = FALSE
	EndGlobalSection
	GlobalSection(ExtensibilityGlobals) = postSolution
		SolutionGuid = {0AD03389-E915-4106-B81A-941FC730432A}
	EndGlobalSection
EndGlobal
